// !$*UTF8*$!
{
	archiveVersion = 1;
	classes = {
	};
	objectVersion = 46;
	objects = {

/* Begin PBXBuildFile section */
		7A94C6391D322D000097B4B5 /* SettingsTableViewController.swift in Sources */ = {isa = PBXBuildFile; fileRef = 7A94C6381D322D000097B4B5 /* SettingsTableViewController.swift */; };
		7AFD5E811D30A0E600760DBA /* AppDelegate.swift in Sources */ = {isa = PBXBuildFile; fileRef = 7AFD5E801D30A0E600760DBA /* AppDelegate.swift */; };
		7AFD5E861D30A0E600760DBA /* Main.storyboard in Resources */ = {isa = PBXBuildFile; fileRef = 7AFD5E841D30A0E600760DBA /* Main.storyboard */; };
		7AFD5E881D30A0E600760DBA /* Assets.xcassets in Resources */ = {isa = PBXBuildFile; fileRef = 7AFD5E871D30A0E600760DBA /* Assets.xcassets */; };
		7AFD5E8B1D30A0E600760DBA /* LaunchScreen.storyboard in Resources */ = {isa = PBXBuildFile; fileRef = 7AFD5E891D30A0E600760DBA /* LaunchScreen.storyboard */; };
		7AFD5E941D30A1B300760DBA /* ImageViewController.swift in Sources */ = {isa = PBXBuildFile; fileRef = 7AFD5E931D30A1B300760DBA /* ImageViewController.swift */; };
/* End PBXBuildFile section */

/* Begin PBXFileReference section */
		7A94C6381D322D000097B4B5 /* SettingsTableViewController.swift */ = {isa = PBXFileReference; fileEncoding = 4; lastKnownFileType = sourcecode.swift; path = SettingsTableViewController.swift; sourceTree = "<group>"; };
		7AFD5E7D1D30A0E600760DBA /* ImageLoader.app */ = {isa = PBXFileReference; explicitFileType = wrapper.application; includeInIndex = 0; path = ImageLoader.app; sourceTree = BUILT_PRODUCTS_DIR; };
		7AFD5E801D30A0E600760DBA /* AppDelegate.swift */ = {isa = PBXFileReference; lastKnownFileType = sourcecode.swift; path = AppDelegate.swift; sourceTree = "<group>"; };
		7AFD5E851D30A0E600760DBA /* Base */ = {isa = PBXFileReference; lastKnownFileType = file.storyboard; name = Base; path = Base.lproj/Main.storyboard; sourceTree = "<group>"; };
		7AFD5E871D30A0E600760DBA /* Assets.xcassets */ = {isa = PBXFileReference; lastKnownFileType = folder.assetcatalog; path = Assets.xcassets; sourceTree = "<group>"; };
		7AFD5E8A1D30A0E600760DBA /* Base */ = {isa = PBXFileReference; lastKnownFileType = file.storyboard; name = Base; path = Base.lproj/LaunchScreen.storyboard; sourceTree = "<group>"; };
		7AFD5E8C1D30A0E600760DBA /* Info.plist */ = {isa = PBXFileReference; lastKnownFileType = text.plist.xml; path = Info.plist; sourceTree = "<group>"; };
		7AFD5E931D30A1B300760DBA /* ImageViewController.swift */ = {isa = PBXFileReference; fileEncoding = 4; lastKnownFileType = sourcecode.swift; path = ImageViewController.swift; sourceTree = "<group>"; };
/* End PBXFileReference section */

/* Begin PBXFrameworksBuildPhase section */
		7AFD5E7A1D30A0E600760DBA /* Frameworks */ = {
			isa = PBXFrameworksBuildPhase;
			buildActionMask = 2147483647;
			files = (
			);
			runOnlyForDeploymentPostprocessing = 0;
		};
/* End PBXFrameworksBuildPhase section */

/* Begin PBXGroup section */
		7AFD5E741D30A0E600760DBA = {
			isa = PBXGroup;
			children = (
				7AFD5E7F1D30A0E600760DBA /* ImageLoader */,
				7AFD5E7E1D30A0E600760DBA /* Products */,
			);
			sourceTree = "<group>";
		};
		7AFD5E7E1D30A0E600760DBA /* Products */ = {
			isa = PBXGroup;
			children = (
				7AFD5E7D1D30A0E600760DBA /* ImageLoader.app */,
			);
			name = Products;
			sourceTree = "<group>";
		};
		7AFD5E7F1D30A0E600760DBA /* ImageLoader */ = {
			isa = PBXGroup;
			children = (
				7AFD5E841D30A0E600760DBA /* Main.storyboard */,
				7A94C6381D322D000097B4B5 /* SettingsTableViewController.swift */,
				7AFD5E931D30A1B300760DBA /* ImageViewController.swift */,
				7AFD5E921D30A12300760DBA /* Supporting Files */,
			);
			path = ImageLoader;
			sourceTree = "<group>";
		};
		7AFD5E921D30A12300760DBA /* Supporting Files */ = {
			isa = PBXGroup;
			children = (
				7AFD5E801D30A0E600760DBA /* AppDelegate.swift */,
				7AFD5E871D30A0E600760DBA /* Assets.xcassets */,
				7AFD5E891D30A0E600760DBA /* LaunchScreen.storyboard */,
				7AFD5E8C1D30A0E600760DBA /* Info.plist */,
			);
			name = "Supporting Files";
			sourceTree = "<group>";
		};
/* End PBXGroup section */

/* Begin PBXNativeTarget section */
		7AFD5E7C1D30A0E600760DBA /* ImageLoader */ = {
			isa = PBXNativeTarget;
			buildConfigurationList = 7AFD5E8F1D30A0E600760DBA /* Build configuration list for PBXNativeTarget "ImageLoader" */;
			buildPhases = (
				7AFD5E791D30A0E600760DBA /* Sources */,
				7AFD5E7A1D30A0E600760DBA /* Frameworks */,
				7AFD5E7B1D30A0E600760DBA /* Resources */,
			);
			buildRules = (
			);
			dependencies = (
			);
			name = ImageLoader;
			productName = ImageLoader;
			productReference = 7AFD5E7D1D30A0E600760DBA /* ImageLoader.app */;
			productType = "com.apple.product-type.application";
		};
/* End PBXNativeTarget section */

/* Begin PBXProject section */
		7AFD5E751D30A0E600760DBA /* Project object */ = {
			isa = PBXProject;
			attributes = {
				LastSwiftUpdateCheck = 0730;
				LastUpgradeCheck = 0730;
				ORGANIZATIONNAME = "Ron Lane";
				TargetAttributes = {
					7AFD5E7C1D30A0E600760DBA = {
						CreatedOnToolsVersion = 7.3.1;
						DevelopmentTeam = D3HXC34Q3E;
					};
				};
			};
			buildConfigurationList = 7AFD5E781D30A0E600760DBA /* Build configuration list for PBXProject "ImageLoader" */;
			compatibilityVersion = "Xcode 3.2";
			developmentRegion = English;
			hasScannedForEncodings = 0;
			knownRegions = (
				en,
				Base,
			);
			mainGroup = 7AFD5E741D30A0E600760DBA;
			productRefGroup = 7AFD5E7E1D30A0E600760DBA /* Products */;
			projectDirPath = "";
			projectRoot = "";
			targets = (
				7AFD5E7C1D30A0E600760DBA /* ImageLoader */,
			);
		};
/* End PBXProject section */

/* Begin PBXResourcesBuildPhase section */
		7AFD5E7B1D30A0E600760DBA /* Resources */ = {
			isa = PBXResourcesBuildPhase;
			buildActionMask = 2147483647;
			files = (
				7AFD5E8B1D30A0E600760DBA /* LaunchScreen.storyboard in Resources */,
				7AFD5E881D30A0E600760DBA /* Assets.xcassets in Resources */,
				7AFD5E861D30A0E600760DBA /* Main.storyboard in Resources */,
			);
			runOnlyForDeploymentPostprocessing = 0;
		};
/* End PBXResourcesBuildPhase section */

/* Begin PBXSourcesBuildPhase section */
		7AFD5E791D30A0E600760DBA /* Sources */ = {
			isa = PBXSourcesBuildPhase;
			buildActionMask = 2147483647;
			files = (
				7AFD5E941D30A1B300760DBA /* ImageViewController.swift in Sources */,
				7AFD5E811D30A0E600760DBA /* AppDelegate.swift in Sources */,
				7A94C6391D322D000097B4B5 /* SettingsTableViewController.swift in Sources */,
			);
			runOnlyForDeploymentPostprocessing = 0;
		};
/* End PBXSourcesBuildPhase section */

/* Begin PBXVariantGroup section */
		7AFD5E841D30A0E600760DBA /* Main.storyboard */ = {
			isa = PBXVariantGroup;
			children = (
				7AFD5E851D30A0E600760DBA /* Base */,
			);
			name = Main.storyboard;
			sourceTree = "<group>";
		};
		7AFD5E891D30A0E600760DBA /* LaunchScreen.storyboard */ = {
			isa = PBXVariantGroup;
			children = (
				7AFD5E8A1D30A0E600760DBA /* Base */,
			);
			name = LaunchScreen.storyboard;
			sourceTree = "<group>";
		};
/* End PBXVariantGroup section */

/* Begin XCBuildConfiguration section */
		7AFD5E8D1D30A0E600760DBA /* Debug */ = {
			isa = XCBuildConfiguration;
			buildSettings = {
				ALWAYS_SEARCH_USER_PATHS = NO;
				CLANG_ANALYZER_NONNULL = YES;
				CLANG_CXX_LANGUAGE_STANDARD = "gnu++0x";
				CLANG_CXX_LIBRARY = "libc++";
				CLANG_ENABLE_MODULES = YES;
				CLANG_ENABLE_OBJC_ARC = YES;
				CLANG_WARN_BOOL_CONVERSION = YES;
				CLANG_WARN_CONSTANT_CONVERSION = YES;
				CLANG_WARN_DIRECT_OBJC_ISA_USAGE = YES_ERROR;
				CLANG_WARN_EMPTY_BODY = YES;
				CLANG_WARN_ENUM_CONVERSION = YES;
				CLANG_WARN_INT_CONVERSION = YES;
				CLANG_WARN_OBJC_ROOT_CLASS = YES_ERROR;
				CLANG_WARN_UNREACHABLE_CODE = YES;
				CLANG_WARN__DUPLICATE_METHOD_MATCH = YES;
				"CODE_SIGN_IDENTITY[sdk=iphoneos*]" = "iPhone Developer";
				COPY_PHASE_STRIP = NO;
				DEBUG_INFORMATION_FORMAT = dwarf;
				ENABLE_STRICT_OBJC_MSGSEND = YES;
				ENABLE_TESTABILITY = YES;
				GCC_C_LANGUAGE_STANDARD = gnu99;
				GCC_DYNAMIC_NO_PIC = NO;
				GCC_NO_COMMON_BLOCKS = YES;
				GCC_OPTIMIZATION_LEVEL = 0;
				GCC_PREPROCESSOR_DEFINITIONS = (
					"DEBUG=1",
					"$(inherited)",
				);
				GCC_WARN_64_TO_32_BIT_CONVERSION = YES;
				GCC_WARN_ABOUT_RETURN_TYPE = YES_ERROR;
				GCC_WARN_UNDECLARED_SELECTOR = YES;
				GCC_WARN_UNINITIALIZED_AUTOS = YES_AGGRESSIVE;
				GCC_WARN_UNUSED_FUNCTION = YES;
				GCC_WARN_UNUSED_VARIABLE = YES;
				IPHONEOS_DEPLOYMENT_TARGET = 9.3;
				MTL_ENABLE_DEBUG_INFO = YES;
				ONLY_ACTIVE_ARCH = YES;
				SDKROOT = iphoneos;
				SWIFT_OPTIMIZATION_LEVEL = "-Onone";
			};
			name = Debug;
		};
		7AFD5E8E1D30A0E600760DBA /* Release */ = {
			isa = XCBuildConfiguration;
			buildSettings = {
				ALWAYS_SEARCH_USER_PATHS = NO;
				CLANG_ANALYZER_NONNULL = YES;
				CLANG_CXX_LANGUAGE_STANDARD = "gnu++0x";
				CLANG_CXX_LIBRARY = "libc++";
				CLANG_ENABLE_MODULES = YES;
				CLANG_ENABLE_OBJC_ARC = YES;
				CLANG_WARN_BOOL_CONVERSION = YES;
				CLANG_WARN_CONSTANT_CONVERSION = YES;
				CLANG_WARN_DIRECT_OBJC_ISA_USAGE = YES_ERROR;
				CLANG_WARN_EMPTY_BODY = YES;
				CLANG_WARN_ENUM_CONVERSION = YES;
				CLANG_WARN_INT_CONVERSION = YES;
				CLANG_WARN_OBJC_ROOT_CLASS = YES_ERROR;
				CLANG_WARN_UNREACHABLE_CODE = YES;
				CLANG_WARN__DUPLICATE_METHOD_MATCH = YES;
				"CODE_SIGN_IDENTITY[sdk=iphoneos*]" = "iPhone Developer";
				COPY_PHASE_STRIP = NO;
				DEBUG_INFORMATION_FORMAT = "dwarf-with-dsym";
				ENABLE_NS_ASSERTIONS = NO;
				ENABLE_STRICT_OBJC_MSGSEND = YES;
				GCC_C_LANGUAGE_STANDARD = gnu99;
				GCC_NO_COMMON_BLOCKS = YES;
				GCC_WARN_64_TO_32_BIT_CONVERSION = YES;
				GCC_WARN_ABOUT_RETURN_TYPE = YES_ERROR;
				GCC_WARN_UNDECLARED_SELECTOR = YES;
				GCC_WARN_UNINITIALIZED_AUTOS = YES_AGGRESSIVE;
				GCC_WARN_UNUSED_FUNCTION = YES;
				GCC_WARN_UNUSED_VARIABLE = YES;
				IPHONEOS_DEPLOYMENT_TARGET = 9.3;
				MTL_ENABLE_DEBUG_INFO = NO;
				SDKROOT = iphoneos;
				VALIDATE_PRODUCT = YES;
			};
			name = Release;
		};
		7AFD5E901D30A0E600760DBA /* Debug */ = {
			isa = XCBuildConfiguration;
			buildSettings = {
				ASSETCATALOG_COMPILER_APPICON_NAME = AppIcon;
				INFOPLIST_FILE = ImageLoader/Info.plist;
				LD_RUNPATH_SEARCH_PATHS = "$(inherited) @executable_path/Frameworks";
				PRODUCT_BUNDLE_IDENTIFIER = "com.ron-lane-solutions.ImageLoader";
				PRODUCT_NAME = "$(TARGET_NAME)";
			};
			name = Debug;
		};
		7AFD5E911D30A0E600760DBA /* Release */ = {
			isa = XCBuildConfiguration;
			buildSettings = {
				ASSETCATALOG_COMPILER_APPICON_NAME = AppIcon;
				INFOPLIST_FILE = ImageLoader/Info.plist;
				LD_RUNPATH_SEARCH_PATHS = "$(inherited) @executable_path/Frameworks";
				PRODUCT_BUNDLE_IDENTIFIER = "com.ron-lane-solutions.ImageLoader";
				PRODUCT_NAME = "$(TARGET_NAME)";
			};
			name = Release;
		};
/* End XCBuildConfiguration section */

/* Begin XCConfigurationList section */
		7AFD5E781D30A0E600760DBA /* Build configuration list for PBXProject "ImageLoader" */ = {
			isa = XCConfigurationList;
			buildConfigurations = (
				7AFD5E8D1D30A0E600760DBA /* Debug */,
				7AFD5E8E1D30A0E600760DBA /* Release */,
			);
			defaultConfigurationIsVisible = 0;
			defaultConfigurationName = Release;
		};
		7AFD5E8F1D30A0E600760DBA /* Build configuration list for PBXNativeTarget "ImageLoader" */ = {
			isa = XCConfigurationList;
			buildConfigurations = (
				7AFD5E901D30A0E600760DBA /* Debug */,
				7AFD5E911D30A0E600760DBA /* Release */,
			);
			defaultConfigurationIsVisible = 0;
			defaultConfigurationName = Release;
		};
/* End XCConfigurationList section */
	};
	rootObject = 7AFD5E751D30A0E600760DBA /* Project object */;
}
