// !$*UTF8*$!
{
	archiveVersion = 1;
	classes = {
	};
	objectVersion = 46;
	objects = {

/* Begin PBXBuildFile section */
		7AFD5D4B1D2C99DF00760DBA /* AppDelegate.swift in Sources */ = {isa = PBXBuildFile; fileRef = 7AFD5D4A1D2C99DF00760DBA /* AppDelegate.swift */; };
		7AFD5D4D1D2C99DF00760DBA /* ViewController.swift in Sources */ = {isa = PBXBuildFile; fileRef = 7AFD5D4C1D2C99DF00760DBA /* ViewController.swift */; };
		7AFD5D501D2C99DF00760DBA /* Main.storyboard in Resources */ = {isa = PBXBuildFile; fileRef = 7AFD5D4E1D2C99DF00760DBA /* Main.storyboard */; };
		7AFD5D521D2C99DF00760DBA /* Assets.xcassets in Resources */ = {isa = PBXBuildFile; fileRef = 7AFD5D511D2C99DF00760DBA /* Assets.xcassets */; };
		7AFD5D551D2C99DF00760DBA /* LaunchScreen.storyboard in Resources */ = {isa = PBXBuildFile; fileRef = 7AFD5D531D2C99DF00760DBA /* LaunchScreen.storyboard */; };
/* End PBXBuildFile section */

/* Begin PBXFileReference section */
		7AFD5D471D2C99DF00760DBA /* TextView.app */ = {isa = PBXFileReference; explicitFileType = wrapper.application; includeInIndex = 0; path = TextView.app; sourceTree = BUILT_PRODUCTS_DIR; };
		7AFD5D4A1D2C99DF00760DBA /* AppDelegate.swift */ = {isa = PBXFileReference; lastKnownFileType = sourcecode.swift; path = AppDelegate.swift; sourceTree = "<group>"; };
		7AFD5D4C1D2C99DF00760DBA /* ViewController.swift */ = {isa = PBXFileReference; lastKnownFileType = sourcecode.swift; path = ViewController.swift; sourceTree = "<group>"; };
		7AFD5D4F1D2C99DF00760DBA /* Base */ = {isa = PBXFileReference; lastKnownFileType = file.storyboard; name = Base; path = Base.lproj/Main.storyboard; sourceTree = "<group>"; };
		7AFD5D511D2C99DF00760DBA /* Assets.xcassets */ = {isa = PBXFileReference; lastKnownFileType = folder.assetcatalog; path = Assets.xcassets; sourceTree = "<group>"; };
		7AFD5D541D2C99DF00760DBA /* Base */ = {isa = PBXFileReference; lastKnownFileType = file.storyboard; name = Base; path = Base.lproj/LaunchScreen.storyboard; sourceTree = "<group>"; };
		7AFD5D561D2C99DF00760DBA /* Info.plist */ = {isa = PBXFileReference; lastKnownFileType = text.plist.xml; path = Info.plist; sourceTree = "<group>"; };
/* End PBXFileReference section */

/* Begin PBXFrameworksBuildPhase section */
		7AFD5D441D2C99DF00760DBA /* Frameworks */ = {
			isa = PBXFrameworksBuildPhase;
			buildActionMask = 2147483647;
			files = (
			);
			runOnlyForDeploymentPostprocessing = 0;
		};
/* End PBXFrameworksBuildPhase section */

/* Begin PBXGroup section */
		7AFD5D3E1D2C99DF00760DBA = {
			isa = PBXGroup;
			children = (
				7AFD5D491D2C99DF00760DBA /* TextView */,
				7AFD5D481D2C99DF00760DBA /* Products */,
			);
			sourceTree = "<group>";
		};
		7AFD5D481D2C99DF00760DBA /* Products */ = {
			isa = PBXGroup;
			children = (
				7AFD5D471D2C99DF00760DBA /* TextView.app */,
			);
			name = Products;
			sourceTree = "<group>";
		};
		7AFD5D491D2C99DF00760DBA /* TextView */ = {
			isa = PBXGroup;
			children = (
				7AFD5D4E1D2C99DF00760DBA /* Main.storyboard */,
				7AFD5D4C1D2C99DF00760DBA /* ViewController.swift */,
				7AFD5D5C1D2C99ED00760DBA /* Supporting Files */,
			);
			path = TextView;
			sourceTree = "<group>";
		};
		7AFD5D5C1D2C99ED00760DBA /* Supporting Files */ = {
			isa = PBXGroup;
			children = (
				7AFD5D4A1D2C99DF00760DBA /* AppDelegate.swift */,
				7AFD5D511D2C99DF00760DBA /* Assets.xcassets */,
				7AFD5D531D2C99DF00760DBA /* LaunchScreen.storyboard */,
				7AFD5D561D2C99DF00760DBA /* Info.plist */,
			);
			name = "Supporting Files";
			sourceTree = "<group>";
		};
/* End PBXGroup section */

/* Begin PBXNativeTarget section */
		7AFD5D461D2C99DF00760DBA /* TextView */ = {
			isa = PBXNativeTarget;
			buildConfigurationList = 7AFD5D591D2C99DF00760DBA /* Build configuration list for PBXNativeTarget "TextView" */;
			buildPhases = (
				7AFD5D431D2C99DF00760DBA /* Sources */,
				7AFD5D441D2C99DF00760DBA /* Frameworks */,
				7AFD5D451D2C99DF00760DBA /* Resources */,
			);
			buildRules = (
			);
			dependencies = (
			);
			name = TextView;
			productName = TextView;
			productReference = 7AFD5D471D2C99DF00760DBA /* TextView.app */;
			productType = "com.apple.product-type.application";
		};
/* End PBXNativeTarget section */

/* Begin PBXProject section */
		7AFD5D3F1D2C99DF00760DBA /* Project object */ = {
			isa = PBXProject;
			attributes = {
				LastSwiftUpdateCheck = 0730;
				LastUpgradeCheck = 0730;
				ORGANIZATIONNAME = "Ron Lane";
				TargetAttributes = {
					7AFD5D461D2C99DF00760DBA = {
						CreatedOnToolsVersion = 7.3.1;
						DevelopmentTeam = D3HXC34Q3E;
					};
				};
			};
			buildConfigurationList = 7AFD5D421D2C99DF00760DBA /* Build configuration list for PBXProject "TextView" */;
			compatibilityVersion = "Xcode 3.2";
			developmentRegion = English;
			hasScannedForEncodings = 0;
			knownRegions = (
				en,
				Base,
			);
			mainGroup = 7AFD5D3E1D2C99DF00760DBA;
			productRefGroup = 7AFD5D481D2C99DF00760DBA /* Products */;
			projectDirPath = "";
			projectRoot = "";
			targets = (
				7AFD5D461D2C99DF00760DBA /* TextView */,
			);
		};
/* End PBXProject section */

/* Begin PBXResourcesBuildPhase section */
		7AFD5D451D2C99DF00760DBA /* Resources */ = {
			isa = PBXResourcesBuildPhase;
			buildActionMask = 2147483647;
			files = (
				7AFD5D551D2C99DF00760DBA /* LaunchScreen.storyboard in Resources */,
				7AFD5D521D2C99DF00760DBA /* Assets.xcassets in Resources */,
				7AFD5D501D2C99DF00760DBA /* Main.storyboard in Resources */,
			);
			runOnlyForDeploymentPostprocessing = 0;
		};
/* End PBXResourcesBuildPhase section */

/* Begin PBXSourcesBuildPhase section */
		7AFD5D431D2C99DF00760DBA /* Sources */ = {
			isa = PBXSourcesBuildPhase;
			buildActionMask = 2147483647;
			files = (
				7AFD5D4D1D2C99DF00760DBA /* ViewController.swift in Sources */,
				7AFD5D4B1D2C99DF00760DBA /* AppDelegate.swift in Sources */,
			);
			runOnlyForDeploymentPostprocessing = 0;
		};
/* End PBXSourcesBuildPhase section */

/* Begin PBXVariantGroup section */
		7AFD5D4E1D2C99DF00760DBA /* Main.storyboard */ = {
			isa = PBXVariantGroup;
			children = (
				7AFD5D4F1D2C99DF00760DBA /* Base */,
			);
			name = Main.storyboard;
			sourceTree = "<group>";
		};
		7AFD5D531D2C99DF00760DBA /* LaunchScreen.storyboard */ = {
			isa = PBXVariantGroup;
			children = (
				7AFD5D541D2C99DF00760DBA /* Base */,
			);
			name = LaunchScreen.storyboard;
			sourceTree = "<group>";
		};
/* End PBXVariantGroup section */

/* Begin XCBuildConfiguration section */
		7AFD5D571D2C99DF00760DBA /* Debug */ = {
			isa = XCBuildConfiguration;
			buildSettings = {
				ALWAYS_SEARCH_USER_PATHS = NO;
				CLANG_ANALYZER_NONNULL = YES;
				CLANG_CXX_LANGUAGE_STANDARD = "gnu++0x";
				CLANG_CXX_LIBRARY = "libc++";
				CLANG_ENABLE_MODULES = YES;
				CLANG_ENABLE_OBJC_ARC = YES;
				CLANG_WARN_BOOL_CONVERSION = YES;
				CLANG_WARN_CONSTANT_CONVERSION = YES;
				CLANG_WARN_DIRECT_OBJC_ISA_USAGE = YES_ERROR;
				CLANG_WARN_EMPTY_BODY = YES;
				CLANG_WARN_ENUM_CONVERSION = YES;
				CLANG_WARN_INT_CONVERSION = YES;
				CLANG_WARN_OBJC_ROOT_CLASS = YES_ERROR;
				CLANG_WARN_UNREACHABLE_CODE = YES;
				CLANG_WARN__DUPLICATE_METHOD_MATCH = YES;
				"CODE_SIGN_IDENTITY[sdk=iphoneos*]" = "iPhone Developer";
				COPY_PHASE_STRIP = NO;
				DEBUG_INFORMATION_FORMAT = dwarf;
				ENABLE_STRICT_OBJC_MSGSEND = YES;
				ENABLE_TESTABILITY = YES;
				GCC_C_LANGUAGE_STANDARD = gnu99;
				GCC_DYNAMIC_NO_PIC = NO;
				GCC_NO_COMMON_BLOCKS = YES;
				GCC_OPTIMIZATION_LEVEL = 0;
				GCC_PREPROCESSOR_DEFINITIONS = (
					"DEBUG=1",
					"$(inherited)",
				);
				GCC_WARN_64_TO_32_BIT_CONVERSION = YES;
				GCC_WARN_ABOUT_RETURN_TYPE = YES_ERROR;
				GCC_WARN_UNDECLARED_SELECTOR = YES;
				GCC_WARN_UNINITIALIZED_AUTOS = YES_AGGRESSIVE;
				GCC_WARN_UNUSED_FUNCTION = YES;
				GCC_WARN_UNUSED_VARIABLE = YES;
				IPHONEOS_DEPLOYMENT_TARGET = 9.3;
				MTL_ENABLE_DEBUG_INFO = YES;
				ONLY_ACTIVE_ARCH = YES;
				SDKROOT = iphoneos;
				SWIFT_OPTIMIZATION_LEVEL = "-Onone";
			};
			name = Debug;
		};
		7AFD5D581D2C99DF00760DBA /* Release */ = {
			isa = XCBuildConfiguration;
			buildSettings = {
				ALWAYS_SEARCH_USER_PATHS = NO;
				CLANG_ANALYZER_NONNULL = YES;
				CLANG_CXX_LANGUAGE_STANDARD = "gnu++0x";
				CLANG_CXX_LIBRARY = "libc++";
				CLANG_ENABLE_MODULES = YES;
				CLANG_ENABLE_OBJC_ARC = YES;
				CLANG_WARN_BOOL_CONVERSION = YES;
				CLANG_WARN_CONSTANT_CONVERSION = YES;
				CLANG_WARN_DIRECT_OBJC_ISA_USAGE = YES_ERROR;
				CLANG_WARN_EMPTY_BODY = YES;
				CLANG_WARN_ENUM_CONVERSION = YES;
				CLANG_WARN_INT_CONVERSION = YES;
				CLANG_WARN_OBJC_ROOT_CLASS = YES_ERROR;
				CLANG_WARN_UNREACHABLE_CODE = YES;
				CLANG_WARN__DUPLICATE_METHOD_MATCH = YES;
				"CODE_SIGN_IDENTITY[sdk=iphoneos*]" = "iPhone Developer";
				COPY_PHASE_STRIP = NO;
				DEBUG_INFORMATION_FORMAT = "dwarf-with-dsym";
				ENABLE_NS_ASSERTIONS = NO;
				ENABLE_STRICT_OBJC_MSGSEND = YES;
				GCC_C_LANGUAGE_STANDARD = gnu99;
				GCC_NO_COMMON_BLOCKS = YES;
				GCC_WARN_64_TO_32_BIT_CONVERSION = YES;
				GCC_WARN_ABOUT_RETURN_TYPE = YES_ERROR;
				GCC_WARN_UNDECLARED_SELECTOR = YES;
				GCC_WARN_UNINITIALIZED_AUTOS = YES_AGGRESSIVE;
				GCC_WARN_UNUSED_FUNCTION = YES;
				GCC_WARN_UNUSED_VARIABLE = YES;
				IPHONEOS_DEPLOYMENT_TARGET = 9.3;
				MTL_ENABLE_DEBUG_INFO = NO;
				SDKROOT = iphoneos;
				VALIDATE_PRODUCT = YES;
			};
			name = Release;
		};
		7AFD5D5A1D2C99DF00760DBA /* Debug */ = {
			isa = XCBuildConfiguration;
			buildSettings = {
				ASSETCATALOG_COMPILER_APPICON_NAME = AppIcon;
				INFOPLIST_FILE = TextView/Info.plist;
				LD_RUNPATH_SEARCH_PATHS = "$(inherited) @executable_path/Frameworks";
				PRODUCT_BUNDLE_IDENTIFIER = "com.ron-lane-solutions.TextView";
				PRODUCT_NAME = "$(TARGET_NAME)";
			};
			name = Debug;
		};
		7AFD5D5B1D2C99DF00760DBA /* Release */ = {
			isa = XCBuildConfiguration;
			buildSettings = {
				ASSETCATALOG_COMPILER_APPICON_NAME = AppIcon;
				INFOPLIST_FILE = TextView/Info.plist;
				LD_RUNPATH_SEARCH_PATHS = "$(inherited) @executable_path/Frameworks";
				PRODUCT_BUNDLE_IDENTIFIER = "com.ron-lane-solutions.TextView";
				PRODUCT_NAME = "$(TARGET_NAME)";
			};
			name = Release;
		};
/* End XCBuildConfiguration section */

/* Begin XCConfigurationList section */
		7AFD5D421D2C99DF00760DBA /* Build configuration list for PBXProject "TextView" */ = {
			isa = XCConfigurationList;
			buildConfigurations = (
				7AFD5D571D2C99DF00760DBA /* Debug */,
				7AFD5D581D2C99DF00760DBA /* Release */,
			);
			defaultConfigurationIsVisible = 0;
			defaultConfigurationName = Release;
		};
		7AFD5D591D2C99DF00760DBA /* Build configuration list for PBXNativeTarget "TextView" */ = {
			isa = XCConfigurationList;
			buildConfigurations = (
				7AFD5D5A1D2C99DF00760DBA /* Debug */,
				7AFD5D5B1D2C99DF00760DBA /* Release */,
			);
			defaultConfigurationIsVisible = 0;
		};
/* End XCConfigurationList section */
	};
	rootObject = 7AFD5D3F1D2C99DF00760DBA /* Project object */;
}
