// !$*UTF8*$!
{
	archiveVersion = 1;
	classes = {
	};
	objectVersion = 46;
	objects = {

/* Begin PBXBuildFile section */
		7A0CE9371D35FC8800A8C749 /* AppDelegate.swift in Sources */ = {isa = PBXBuildFile; fileRef = 7A0CE9361D35FC8800A8C749 /* AppDelegate.swift */; };
		7A0CE93C1D35FC8800A8C749 /* Main.storyboard in Resources */ = {isa = PBXBuildFile; fileRef = 7A0CE93A1D35FC8800A8C749 /* Main.storyboard */; };
		7A0CE93E1D35FC8800A8C749 /* Assets.xcassets in Resources */ = {isa = PBXBuildFile; fileRef = 7A0CE93D1D35FC8800A8C749 /* Assets.xcassets */; };
		7A0CE9411D35FC8800A8C749 /* LaunchScreen.storyboard in Resources */ = {isa = PBXBuildFile; fileRef = 7A0CE93F1D35FC8800A8C749 /* LaunchScreen.storyboard */; };
		7A0CE94A1D360F3500A8C749 /* TableViewController.swift in Sources */ = {isa = PBXBuildFile; fileRef = 7A0CE9491D360F3500A8C749 /* TableViewController.swift */; };
		7A0CE94C1D360F6700A8C749 /* MapViewController.swift in Sources */ = {isa = PBXBuildFile; fileRef = 7A0CE94B1D360F6700A8C749 /* MapViewController.swift */; };
		7A0CE94E1D360F8100A8C749 /* TextViewController.swift in Sources */ = {isa = PBXBuildFile; fileRef = 7A0CE94D1D360F8100A8C749 /* TextViewController.swift */; };
		7A0CE9501D36155900A8C749 /* DetailViewController.swift in Sources */ = {isa = PBXBuildFile; fileRef = 7A0CE94F1D36155900A8C749 /* DetailViewController.swift */; };
/* End PBXBuildFile section */

/* Begin PBXFileReference section */
		7A0CE9331D35FC8800A8C749 /* MultiView.app */ = {isa = PBXFileReference; explicitFileType = wrapper.application; includeInIndex = 0; path = MultiView.app; sourceTree = BUILT_PRODUCTS_DIR; };
		7A0CE9361D35FC8800A8C749 /* AppDelegate.swift */ = {isa = PBXFileReference; lastKnownFileType = sourcecode.swift; path = AppDelegate.swift; sourceTree = "<group>"; };
		7A0CE93B1D35FC8800A8C749 /* Base */ = {isa = PBXFileReference; lastKnownFileType = file.storyboard; name = Base; path = Base.lproj/Main.storyboard; sourceTree = "<group>"; };
		7A0CE93D1D35FC8800A8C749 /* Assets.xcassets */ = {isa = PBXFileReference; lastKnownFileType = folder.assetcatalog; path = Assets.xcassets; sourceTree = "<group>"; };
		7A0CE9401D35FC8800A8C749 /* Base */ = {isa = PBXFileReference; lastKnownFileType = file.storyboard; name = Base; path = Base.lproj/LaunchScreen.storyboard; sourceTree = "<group>"; };
		7A0CE9421D35FC8800A8C749 /* Info.plist */ = {isa = PBXFileReference; lastKnownFileType = text.plist.xml; path = Info.plist; sourceTree = "<group>"; };
		7A0CE9491D360F3500A8C749 /* TableViewController.swift */ = {isa = PBXFileReference; fileEncoding = 4; lastKnownFileType = sourcecode.swift; path = TableViewController.swift; sourceTree = "<group>"; };
		7A0CE94B1D360F6700A8C749 /* MapViewController.swift */ = {isa = PBXFileReference; fileEncoding = 4; lastKnownFileType = sourcecode.swift; path = MapViewController.swift; sourceTree = "<group>"; };
		7A0CE94D1D360F8100A8C749 /* TextViewController.swift */ = {isa = PBXFileReference; fileEncoding = 4; lastKnownFileType = sourcecode.swift; path = TextViewController.swift; sourceTree = "<group>"; };
		7A0CE94F1D36155900A8C749 /* DetailViewController.swift */ = {isa = PBXFileReference; fileEncoding = 4; lastKnownFileType = sourcecode.swift; path = DetailViewController.swift; sourceTree = "<group>"; };
/* End PBXFileReference section */

/* Begin PBXFrameworksBuildPhase section */
		7A0CE9301D35FC8800A8C749 /* Frameworks */ = {
			isa = PBXFrameworksBuildPhase;
			buildActionMask = 2147483647;
			files = (
			);
			runOnlyForDeploymentPostprocessing = 0;
		};
/* End PBXFrameworksBuildPhase section */

/* Begin PBXGroup section */
		7A0CE92A1D35FC8800A8C749 = {
			isa = PBXGroup;
			children = (
				7A0CE9351D35FC8800A8C749 /* MultiView */,
				7A0CE9341D35FC8800A8C749 /* Products */,
			);
			sourceTree = "<group>";
		};
		7A0CE9341D35FC8800A8C749 /* Products */ = {
			isa = PBXGroup;
			children = (
				7A0CE9331D35FC8800A8C749 /* MultiView.app */,
			);
			name = Products;
			sourceTree = "<group>";
		};
		7A0CE9351D35FC8800A8C749 /* MultiView */ = {
			isa = PBXGroup;
			children = (
				7A0CE9491D360F3500A8C749 /* TableViewController.swift */,
				7A0CE94F1D36155900A8C749 /* DetailViewController.swift */,
				7A0CE94B1D360F6700A8C749 /* MapViewController.swift */,
				7A0CE94D1D360F8100A8C749 /* TextViewController.swift */,
				7A0CE93A1D35FC8800A8C749 /* Main.storyboard */,
				7A0CE9481D35FCA200A8C749 /* Supporting Files */,
			);
			path = MultiView;
			sourceTree = "<group>";
		};
		7A0CE9481D35FCA200A8C749 /* Supporting Files */ = {
			isa = PBXGroup;
			children = (
				7A0CE9361D35FC8800A8C749 /* AppDelegate.swift */,
				7A0CE93D1D35FC8800A8C749 /* Assets.xcassets */,
				7A0CE93F1D35FC8800A8C749 /* LaunchScreen.storyboard */,
				7A0CE9421D35FC8800A8C749 /* Info.plist */,
			);
			name = "Supporting Files";
			sourceTree = "<group>";
		};
/* End PBXGroup section */

/* Begin PBXNativeTarget section */
		7A0CE9321D35FC8800A8C749 /* MultiView */ = {
			isa = PBXNativeTarget;
			buildConfigurationList = 7A0CE9451D35FC8800A8C749 /* Build configuration list for PBXNativeTarget "MultiView" */;
			buildPhases = (
				7A0CE92F1D35FC8800A8C749 /* Sources */,
				7A0CE9301D35FC8800A8C749 /* Frameworks */,
				7A0CE9311D35FC8800A8C749 /* Resources */,
			);
			buildRules = (
			);
			dependencies = (
			);
			name = MultiView;
			productName = MultiView;
			productReference = 7A0CE9331D35FC8800A8C749 /* MultiView.app */;
			productType = "com.apple.product-type.application";
		};
/* End PBXNativeTarget section */

/* Begin PBXProject section */
		7A0CE92B1D35FC8800A8C749 /* Project object */ = {
			isa = PBXProject;
			attributes = {
				LastSwiftUpdateCheck = 0730;
				LastUpgradeCheck = 0730;
				ORGANIZATIONNAME = "Ron Lane";
				TargetAttributes = {
					7A0CE9321D35FC8800A8C749 = {
						CreatedOnToolsVersion = 7.3.1;
						DevelopmentTeam = D3HXC34Q3E;
					};
				};
			};
			buildConfigurationList = 7A0CE92E1D35FC8800A8C749 /* Build configuration list for PBXProject "MultiView" */;
			compatibilityVersion = "Xcode 3.2";
			developmentRegion = English;
			hasScannedForEncodings = 0;
			knownRegions = (
				en,
				Base,
			);
			mainGroup = 7A0CE92A1D35FC8800A8C749;
			productRefGroup = 7A0CE9341D35FC8800A8C749 /* Products */;
			projectDirPath = "";
			projectRoot = "";
			targets = (
				7A0CE9321D35FC8800A8C749 /* MultiView */,
			);
		};
/* End PBXProject section */

/* Begin PBXResourcesBuildPhase section */
		7A0CE9311D35FC8800A8C749 /* Resources */ = {
			isa = PBXResourcesBuildPhase;
			buildActionMask = 2147483647;
			files = (
				7A0CE9411D35FC8800A8C749 /* LaunchScreen.storyboard in Resources */,
				7A0CE93E1D35FC8800A8C749 /* Assets.xcassets in Resources */,
				7A0CE93C1D35FC8800A8C749 /* Main.storyboard in Resources */,
			);
			runOnlyForDeploymentPostprocessing = 0;
		};
/* End PBXResourcesBuildPhase section */

/* Begin PBXSourcesBuildPhase section */
		7A0CE92F1D35FC8800A8C749 /* Sources */ = {
			isa = PBXSourcesBuildPhase;
			buildActionMask = 2147483647;
			files = (
				7A0CE9371D35FC8800A8C749 /* AppDelegate.swift in Sources */,
				7A0CE94C1D360F6700A8C749 /* MapViewController.swift in Sources */,
				7A0CE9501D36155900A8C749 /* DetailViewController.swift in Sources */,
				7A0CE94A1D360F3500A8C749 /* TableViewController.swift in Sources */,
				7A0CE94E1D360F8100A8C749 /* TextViewController.swift in Sources */,
			);
			runOnlyForDeploymentPostprocessing = 0;
		};
/* End PBXSourcesBuildPhase section */

/* Begin PBXVariantGroup section */
		7A0CE93A1D35FC8800A8C749 /* Main.storyboard */ = {
			isa = PBXVariantGroup;
			children = (
				7A0CE93B1D35FC8800A8C749 /* Base */,
			);
			name = Main.storyboard;
			sourceTree = "<group>";
		};
		7A0CE93F1D35FC8800A8C749 /* LaunchScreen.storyboard */ = {
			isa = PBXVariantGroup;
			children = (
				7A0CE9401D35FC8800A8C749 /* Base */,
			);
			name = LaunchScreen.storyboard;
			sourceTree = "<group>";
		};
/* End PBXVariantGroup section */

/* Begin XCBuildConfiguration section */
		7A0CE9431D35FC8800A8C749 /* Debug */ = {
			isa = XCBuildConfiguration;
			buildSettings = {
				ALWAYS_SEARCH_USER_PATHS = NO;
				CLANG_ANALYZER_NONNULL = YES;
				CLANG_CXX_LANGUAGE_STANDARD = "gnu++0x";
				CLANG_CXX_LIBRARY = "libc++";
				CLANG_ENABLE_MODULES = YES;
				CLANG_ENABLE_OBJC_ARC = YES;
				CLANG_WARN_BOOL_CONVERSION = YES;
				CLANG_WARN_CONSTANT_CONVERSION = YES;
				CLANG_WARN_DIRECT_OBJC_ISA_USAGE = YES_ERROR;
				CLANG_WARN_EMPTY_BODY = YES;
				CLANG_WARN_ENUM_CONVERSION = YES;
				CLANG_WARN_INT_CONVERSION = YES;
				CLANG_WARN_OBJC_ROOT_CLASS = YES_ERROR;
				CLANG_WARN_UNREACHABLE_CODE = YES;
				CLANG_WARN__DUPLICATE_METHOD_MATCH = YES;
				"CODE_SIGN_IDENTITY[sdk=iphoneos*]" = "iPhone Developer";
				COPY_PHASE_STRIP = NO;
				DEBUG_INFORMATION_FORMAT = dwarf;
				ENABLE_STRICT_OBJC_MSGSEND = YES;
				ENABLE_TESTABILITY = YES;
				GCC_C_LANGUAGE_STANDARD = gnu99;
				GCC_DYNAMIC_NO_PIC = NO;
				GCC_NO_COMMON_BLOCKS = YES;
				GCC_OPTIMIZATION_LEVEL = 0;
				GCC_PREPROCESSOR_DEFINITIONS = (
					"DEBUG=1",
					"$(inherited)",
				);
				GCC_WARN_64_TO_32_BIT_CONVERSION = YES;
				GCC_WARN_ABOUT_RETURN_TYPE = YES_ERROR;
				GCC_WARN_UNDECLARED_SELECTOR = YES;
				GCC_WARN_UNINITIALIZED_AUTOS = YES_AGGRESSIVE;
				GCC_WARN_UNUSED_FUNCTION = YES;
				GCC_WARN_UNUSED_VARIABLE = YES;
				IPHONEOS_DEPLOYMENT_TARGET = 9.3;
				MTL_ENABLE_DEBUG_INFO = YES;
				ONLY_ACTIVE_ARCH = YES;
				SDKROOT = iphoneos;
				SWIFT_OPTIMIZATION_LEVEL = "-Onone";
			};
			name = Debug;
		};
		7A0CE9441D35FC8800A8C749 /* Release */ = {
			isa = XCBuildConfiguration;
			buildSettings = {
				ALWAYS_SEARCH_USER_PATHS = NO;
				CLANG_ANALYZER_NONNULL = YES;
				CLANG_CXX_LANGUAGE_STANDARD = "gnu++0x";
				CLANG_CXX_LIBRARY = "libc++";
				CLANG_ENABLE_MODULES = YES;
				CLANG_ENABLE_OBJC_ARC = YES;
				CLANG_WARN_BOOL_CONVERSION = YES;
				CLANG_WARN_CONSTANT_CONVERSION = YES;
				CLANG_WARN_DIRECT_OBJC_ISA_USAGE = YES_ERROR;
				CLANG_WARN_EMPTY_BODY = YES;
				CLANG_WARN_ENUM_CONVERSION = YES;
				CLANG_WARN_INT_CONVERSION = YES;
				CLANG_WARN_OBJC_ROOT_CLASS = YES_ERROR;
				CLANG_WARN_UNREACHABLE_CODE = YES;
				CLANG_WARN__DUPLICATE_METHOD_MATCH = YES;
				"CODE_SIGN_IDENTITY[sdk=iphoneos*]" = "iPhone Developer";
				COPY_PHASE_STRIP = NO;
				DEBUG_INFORMATION_FORMAT = "dwarf-with-dsym";
				ENABLE_NS_ASSERTIONS = NO;
				ENABLE_STRICT_OBJC_MSGSEND = YES;
				GCC_C_LANGUAGE_STANDARD = gnu99;
				GCC_NO_COMMON_BLOCKS = YES;
				GCC_WARN_64_TO_32_BIT_CONVERSION = YES;
				GCC_WARN_ABOUT_RETURN_TYPE = YES_ERROR;
				GCC_WARN_UNDECLARED_SELECTOR = YES;
				GCC_WARN_UNINITIALIZED_AUTOS = YES_AGGRESSIVE;
				GCC_WARN_UNUSED_FUNCTION = YES;
				GCC_WARN_UNUSED_VARIABLE = YES;
				IPHONEOS_DEPLOYMENT_TARGET = 9.3;
				MTL_ENABLE_DEBUG_INFO = NO;
				SDKROOT = iphoneos;
				VALIDATE_PRODUCT = YES;
			};
			name = Release;
		};
		7A0CE9461D35FC8800A8C749 /* Debug */ = {
			isa = XCBuildConfiguration;
			buildSettings = {
				ASSETCATALOG_COMPILER_APPICON_NAME = AppIcon;
				INFOPLIST_FILE = MultiView/Info.plist;
				LD_RUNPATH_SEARCH_PATHS = "$(inherited) @executable_path/Frameworks";
				PRODUCT_BUNDLE_IDENTIFIER = "com.ron-lane-solutions.MultiView";
				PRODUCT_NAME = "$(TARGET_NAME)";
			};
			name = Debug;
		};
		7A0CE9471D35FC8800A8C749 /* Release */ = {
			isa = XCBuildConfiguration;
			buildSettings = {
				ASSETCATALOG_COMPILER_APPICON_NAME = AppIcon;
				INFOPLIST_FILE = MultiView/Info.plist;
				LD_RUNPATH_SEARCH_PATHS = "$(inherited) @executable_path/Frameworks";
				PRODUCT_BUNDLE_IDENTIFIER = "com.ron-lane-solutions.MultiView";
				PRODUCT_NAME = "$(TARGET_NAME)";
			};
			name = Release;
		};
/* End XCBuildConfiguration section */

/* Begin XCConfigurationList section */
		7A0CE92E1D35FC8800A8C749 /* Build configuration list for PBXProject "MultiView" */ = {
			isa = XCConfigurationList;
			buildConfigurations = (
				7A0CE9431D35FC8800A8C749 /* Debug */,
				7A0CE9441D35FC8800A8C749 /* Release */,
			);
			defaultConfigurationIsVisible = 0;
			defaultConfigurationName = Release;
		};
		7A0CE9451D35FC8800A8C749 /* Build configuration list for PBXNativeTarget "MultiView" */ = {
			isa = XCConfigurationList;
			buildConfigurations = (
				7A0CE9461D35FC8800A8C749 /* Debug */,
				7A0CE9471D35FC8800A8C749 /* Release */,
			);
			defaultConfigurationIsVisible = 0;
		};
/* End XCConfigurationList section */
	};
	rootObject = 7A0CE92B1D35FC8800A8C749 /* Project object */;
}
