// !$*UTF8*$!
{
	archiveVersion = 1;
	classes = {
	};
	objectVersion = 46;
	objects = {

/* Begin PBXBuildFile section */
		7AF9331F1D1A6A3A008898F9 /* AppDelegate.swift in Sources */ = {isa = PBXBuildFile; fileRef = 7AF9331E1D1A6A3A008898F9 /* AppDelegate.swift */; };
		7AF933241D1A6A3A008898F9 /* Main.storyboard in Resources */ = {isa = PBXBuildFile; fileRef = 7AF933221D1A6A3A008898F9 /* Main.storyboard */; };
		7AF933271D1A6A3A008898F9 /* List.xcdatamodeld in Sources */ = {isa = PBXBuildFile; fileRef = 7AF933251D1A6A3A008898F9 /* List.xcdatamodeld */; };
		7AF933291D1A6A3A008898F9 /* Assets.xcassets in Resources */ = {isa = PBXBuildFile; fileRef = 7AF933281D1A6A3A008898F9 /* Assets.xcassets */; };
		7AF9332C1D1A6A3A008898F9 /* LaunchScreen.storyboard in Resources */ = {isa = PBXBuildFile; fileRef = 7AF9332A1D1A6A3A008898F9 /* LaunchScreen.storyboard */; };
		7AF933341D1A6B45008898F9 /* TableViewController.swift in Sources */ = {isa = PBXBuildFile; fileRef = 7AF933331D1A6B45008898F9 /* TableViewController.swift */; };
		7AF933361D1A86FF008898F9 /* Item.swift in Sources */ = {isa = PBXBuildFile; fileRef = 7AF933351D1A86FF008898F9 /* Item.swift */; };
		7AF933381D1B0D50008898F9 /* AddViewController.swift in Sources */ = {isa = PBXBuildFile; fileRef = 7AF933371D1B0D50008898F9 /* AddViewController.swift */; };
		7AF9333A1D1B8AD6008898F9 /* UpdateViewController.swift in Sources */ = {isa = PBXBuildFile; fileRef = 7AF933391D1B8AD6008898F9 /* UpdateViewController.swift */; };
/* End PBXBuildFile section */

/* Begin PBXFileReference section */
		7AF9331B1D1A6A3A008898F9 /* List.app */ = {isa = PBXFileReference; explicitFileType = wrapper.application; includeInIndex = 0; path = List.app; sourceTree = BUILT_PRODUCTS_DIR; };
		7AF9331E1D1A6A3A008898F9 /* AppDelegate.swift */ = {isa = PBXFileReference; lastKnownFileType = sourcecode.swift; path = AppDelegate.swift; sourceTree = "<group>"; };
		7AF933231D1A6A3A008898F9 /* Base */ = {isa = PBXFileReference; lastKnownFileType = file.storyboard; name = Base; path = Base.lproj/Main.storyboard; sourceTree = "<group>"; };
		7AF933261D1A6A3A008898F9 /* List.xcdatamodel */ = {isa = PBXFileReference; lastKnownFileType = wrapper.xcdatamodel; path = List.xcdatamodel; sourceTree = "<group>"; };
		7AF933281D1A6A3A008898F9 /* Assets.xcassets */ = {isa = PBXFileReference; lastKnownFileType = folder.assetcatalog; path = Assets.xcassets; sourceTree = "<group>"; };
		7AF9332B1D1A6A3A008898F9 /* Base */ = {isa = PBXFileReference; lastKnownFileType = file.storyboard; name = Base; path = Base.lproj/LaunchScreen.storyboard; sourceTree = "<group>"; };
		7AF9332D1D1A6A3A008898F9 /* Info.plist */ = {isa = PBXFileReference; lastKnownFileType = text.plist.xml; path = Info.plist; sourceTree = "<group>"; };
		7AF933331D1A6B45008898F9 /* TableViewController.swift */ = {isa = PBXFileReference; fileEncoding = 4; lastKnownFileType = sourcecode.swift; path = TableViewController.swift; sourceTree = "<group>"; };
		7AF933351D1A86FF008898F9 /* Item.swift */ = {isa = PBXFileReference; fileEncoding = 4; lastKnownFileType = sourcecode.swift; path = Item.swift; sourceTree = "<group>"; };
		7AF933371D1B0D50008898F9 /* AddViewController.swift */ = {isa = PBXFileReference; fileEncoding = 4; lastKnownFileType = sourcecode.swift; path = AddViewController.swift; sourceTree = "<group>"; };
		7AF933391D1B8AD6008898F9 /* UpdateViewController.swift */ = {isa = PBXFileReference; fileEncoding = 4; lastKnownFileType = sourcecode.swift; path = UpdateViewController.swift; sourceTree = "<group>"; };
/* End PBXFileReference section */

/* Begin PBXFrameworksBuildPhase section */
		7AF933181D1A6A3A008898F9 /* Frameworks */ = {
			isa = PBXFrameworksBuildPhase;
			buildActionMask = 2147483647;
			files = (
			);
			runOnlyForDeploymentPostprocessing = 0;
		};
/* End PBXFrameworksBuildPhase section */

/* Begin PBXGroup section */
		7A16BE671D3C9722000F2643 /* Supporting Files */ = {
			isa = PBXGroup;
			children = (
				7AF9331E1D1A6A3A008898F9 /* AppDelegate.swift */,
				7AF933281D1A6A3A008898F9 /* Assets.xcassets */,
				7AF9332A1D1A6A3A008898F9 /* LaunchScreen.storyboard */,
				7AF9332D1D1A6A3A008898F9 /* Info.plist */,
			);
			name = "Supporting Files";
			sourceTree = "<group>";
		};
		7AF933121D1A6A3A008898F9 = {
			isa = PBXGroup;
			children = (
				7AF9331D1D1A6A3A008898F9 /* List */,
				7AF9331C1D1A6A3A008898F9 /* Products */,
			);
			sourceTree = "<group>";
		};
		7AF9331C1D1A6A3A008898F9 /* Products */ = {
			isa = PBXGroup;
			children = (
				7AF9331B1D1A6A3A008898F9 /* List.app */,
			);
			name = Products;
			sourceTree = "<group>";
		};
		7AF9331D1D1A6A3A008898F9 /* List */ = {
			isa = PBXGroup;
			children = (
				7AF933251D1A6A3A008898F9 /* List.xcdatamodeld */,
				7AF933221D1A6A3A008898F9 /* Main.storyboard */,
				7AF933331D1A6B45008898F9 /* TableViewController.swift */,
				7AF933371D1B0D50008898F9 /* AddViewController.swift */,
				7AF933391D1B8AD6008898F9 /* UpdateViewController.swift */,
				7AF933351D1A86FF008898F9 /* Item.swift */,
				7A16BE671D3C9722000F2643 /* Supporting Files */,
			);
			path = List;
			sourceTree = "<group>";
		};
/* End PBXGroup section */

/* Begin PBXNativeTarget section */
		7AF9331A1D1A6A3A008898F9 /* List */ = {
			isa = PBXNativeTarget;
			buildConfigurationList = 7AF933301D1A6A3A008898F9 /* Build configuration list for PBXNativeTarget "List" */;
			buildPhases = (
				7AF933171D1A6A3A008898F9 /* Sources */,
				7AF933181D1A6A3A008898F9 /* Frameworks */,
				7AF933191D1A6A3A008898F9 /* Resources */,
			);
			buildRules = (
			);
			dependencies = (
			);
			name = List;
			productName = List;
			productReference = 7AF9331B1D1A6A3A008898F9 /* List.app */;
			productType = "com.apple.product-type.application";
		};
/* End PBXNativeTarget section */

/* Begin PBXProject section */
		7AF933131D1A6A3A008898F9 /* Project object */ = {
			isa = PBXProject;
			attributes = {
				LastSwiftUpdateCheck = 0730;
				LastUpgradeCheck = 0730;
				ORGANIZATIONNAME = "Ron Lane";
				TargetAttributes = {
					7AF9331A1D1A6A3A008898F9 = {
						CreatedOnToolsVersion = 7.3.1;
					};
				};
			};
			buildConfigurationList = 7AF933161D1A6A3A008898F9 /* Build configuration list for PBXProject "List" */;
			compatibilityVersion = "Xcode 3.2";
			developmentRegion = English;
			hasScannedForEncodings = 0;
			knownRegions = (
				en,
				Base,
			);
			mainGroup = 7AF933121D1A6A3A008898F9;
			productRefGroup = 7AF9331C1D1A6A3A008898F9 /* Products */;
			projectDirPath = "";
			projectRoot = "";
			targets = (
				7AF9331A1D1A6A3A008898F9 /* List */,
			);
		};
/* End PBXProject section */

/* Begin PBXResourcesBuildPhase section */
		7AF933191D1A6A3A008898F9 /* Resources */ = {
			isa = PBXResourcesBuildPhase;
			buildActionMask = 2147483647;
			files = (
				7AF9332C1D1A6A3A008898F9 /* LaunchScreen.storyboard in Resources */,
				7AF933291D1A6A3A008898F9 /* Assets.xcassets in Resources */,
				7AF933241D1A6A3A008898F9 /* Main.storyboard in Resources */,
			);
			runOnlyForDeploymentPostprocessing = 0;
		};
/* End PBXResourcesBuildPhase section */

/* Begin PBXSourcesBuildPhase section */
		7AF933171D1A6A3A008898F9 /* Sources */ = {
			isa = PBXSourcesBuildPhase;
			buildActionMask = 2147483647;
			files = (
				7AF933381D1B0D50008898F9 /* AddViewController.swift in Sources */,
				7AF933361D1A86FF008898F9 /* Item.swift in Sources */,
				7AF9331F1D1A6A3A008898F9 /* AppDelegate.swift in Sources */,
				7AF933341D1A6B45008898F9 /* TableViewController.swift in Sources */,
				7AF933271D1A6A3A008898F9 /* List.xcdatamodeld in Sources */,
				7AF9333A1D1B8AD6008898F9 /* UpdateViewController.swift in Sources */,
			);
			runOnlyForDeploymentPostprocessing = 0;
		};
/* End PBXSourcesBuildPhase section */

/* Begin PBXVariantGroup section */
		7AF933221D1A6A3A008898F9 /* Main.storyboard */ = {
			isa = PBXVariantGroup;
			children = (
				7AF933231D1A6A3A008898F9 /* Base */,
			);
			name = Main.storyboard;
			sourceTree = "<group>";
		};
		7AF9332A1D1A6A3A008898F9 /* LaunchScreen.storyboard */ = {
			isa = PBXVariantGroup;
			children = (
				7AF9332B1D1A6A3A008898F9 /* Base */,
			);
			name = LaunchScreen.storyboard;
			sourceTree = "<group>";
		};
/* End PBXVariantGroup section */

/* Begin XCBuildConfiguration section */
		7AF9332E1D1A6A3A008898F9 /* Debug */ = {
			isa = XCBuildConfiguration;
			buildSettings = {
				ALWAYS_SEARCH_USER_PATHS = NO;
				CLANG_ANALYZER_NONNULL = YES;
				CLANG_CXX_LANGUAGE_STANDARD = "gnu++0x";
				CLANG_CXX_LIBRARY = "libc++";
				CLANG_ENABLE_MODULES = YES;
				CLANG_ENABLE_OBJC_ARC = YES;
				CLANG_WARN_BOOL_CONVERSION = YES;
				CLANG_WARN_CONSTANT_CONVERSION = YES;
				CLANG_WARN_DIRECT_OBJC_ISA_USAGE = YES_ERROR;
				CLANG_WARN_EMPTY_BODY = YES;
				CLANG_WARN_ENUM_CONVERSION = YES;
				CLANG_WARN_INT_CONVERSION = YES;
				CLANG_WARN_OBJC_ROOT_CLASS = YES_ERROR;
				CLANG_WARN_UNREACHABLE_CODE = YES;
				CLANG_WARN__DUPLICATE_METHOD_MATCH = YES;
				"CODE_SIGN_IDENTITY[sdk=iphoneos*]" = "iPhone Developer";
				COPY_PHASE_STRIP = NO;
				DEBUG_INFORMATION_FORMAT = dwarf;
				ENABLE_STRICT_OBJC_MSGSEND = YES;
				ENABLE_TESTABILITY = YES;
				GCC_C_LANGUAGE_STANDARD = gnu99;
				GCC_DYNAMIC_NO_PIC = NO;
				GCC_NO_COMMON_BLOCKS = YES;
				GCC_OPTIMIZATION_LEVEL = 0;
				GCC_PREPROCESSOR_DEFINITIONS = (
					"DEBUG=1",
					"$(inherited)",
				);
				GCC_WARN_64_TO_32_BIT_CONVERSION = YES;
				GCC_WARN_ABOUT_RETURN_TYPE = YES_ERROR;
				GCC_WARN_UNDECLARED_SELECTOR = YES;
				GCC_WARN_UNINITIALIZED_AUTOS = YES_AGGRESSIVE;
				GCC_WARN_UNUSED_FUNCTION = YES;
				GCC_WARN_UNUSED_VARIABLE = YES;
				IPHONEOS_DEPLOYMENT_TARGET = 9.3;
				MTL_ENABLE_DEBUG_INFO = YES;
				ONLY_ACTIVE_ARCH = YES;
				SDKROOT = iphoneos;
				SWIFT_OPTIMIZATION_LEVEL = "-Onone";
			};
			name = Debug;
		};
		7AF9332F1D1A6A3A008898F9 /* Release */ = {
			isa = XCBuildConfiguration;
			buildSettings = {
				ALWAYS_SEARCH_USER_PATHS = NO;
				CLANG_ANALYZER_NONNULL = YES;
				CLANG_CXX_LANGUAGE_STANDARD = "gnu++0x";
				CLANG_CXX_LIBRARY = "libc++";
				CLANG_ENABLE_MODULES = YES;
				CLANG_ENABLE_OBJC_ARC = YES;
				CLANG_WARN_BOOL_CONVERSION = YES;
				CLANG_WARN_CONSTANT_CONVERSION = YES;
				CLANG_WARN_DIRECT_OBJC_ISA_USAGE = YES_ERROR;
				CLANG_WARN_EMPTY_BODY = YES;
				CLANG_WARN_ENUM_CONVERSION = YES;
				CLANG_WARN_INT_CONVERSION = YES;
				CLANG_WARN_OBJC_ROOT_CLASS = YES_ERROR;
				CLANG_WARN_UNREACHABLE_CODE = YES;
				CLANG_WARN__DUPLICATE_METHOD_MATCH = YES;
				"CODE_SIGN_IDENTITY[sdk=iphoneos*]" = "iPhone Developer";
				COPY_PHASE_STRIP = NO;
				DEBUG_INFORMATION_FORMAT = "dwarf-with-dsym";
				ENABLE_NS_ASSERTIONS = NO;
				ENABLE_STRICT_OBJC_MSGSEND = YES;
				GCC_C_LANGUAGE_STANDARD = gnu99;
				GCC_NO_COMMON_BLOCKS = YES;
				GCC_WARN_64_TO_32_BIT_CONVERSION = YES;
				GCC_WARN_ABOUT_RETURN_TYPE = YES_ERROR;
				GCC_WARN_UNDECLARED_SELECTOR = YES;
				GCC_WARN_UNINITIALIZED_AUTOS = YES_AGGRESSIVE;
				GCC_WARN_UNUSED_FUNCTION = YES;
				GCC_WARN_UNUSED_VARIABLE = YES;
				IPHONEOS_DEPLOYMENT_TARGET = 9.3;
				MTL_ENABLE_DEBUG_INFO = NO;
				SDKROOT = iphoneos;
				VALIDATE_PRODUCT = YES;
			};
			name = Release;
		};
		7AF933311D1A6A3A008898F9 /* Debug */ = {
			isa = XCBuildConfiguration;
			buildSettings = {
				ASSETCATALOG_COMPILER_APPICON_NAME = AppIcon;
				INFOPLIST_FILE = List/Info.plist;
				LD_RUNPATH_SEARCH_PATHS = "$(inherited) @executable_path/Frameworks";
				PRODUCT_BUNDLE_IDENTIFIER = com.example.List;
				PRODUCT_NAME = "$(TARGET_NAME)";
			};
			name = Debug;
		};
		7AF933321D1A6A3A008898F9 /* Release */ = {
			isa = XCBuildConfiguration;
			buildSettings = {
				ASSETCATALOG_COMPILER_APPICON_NAME = AppIcon;
				INFOPLIST_FILE = List/Info.plist;
				LD_RUNPATH_SEARCH_PATHS = "$(inherited) @executable_path/Frameworks";
				PRODUCT_BUNDLE_IDENTIFIER = com.example.List;
				PRODUCT_NAME = "$(TARGET_NAME)";
			};
			name = Release;
		};
/* End XCBuildConfiguration section */

/* Begin XCConfigurationList section */
		7AF933161D1A6A3A008898F9 /* Build configuration list for PBXProject "List" */ = {
			isa = XCConfigurationList;
			buildConfigurations = (
				7AF9332E1D1A6A3A008898F9 /* Debug */,
				7AF9332F1D1A6A3A008898F9 /* Release */,
			);
			defaultConfigurationIsVisible = 0;
			defaultConfigurationName = Release;
		};
		7AF933301D1A6A3A008898F9 /* Build configuration list for PBXNativeTarget "List" */ = {
			isa = XCConfigurationList;
			buildConfigurations = (
				7AF933311D1A6A3A008898F9 /* Debug */,
				7AF933321D1A6A3A008898F9 /* Release */,
			);
			defaultConfigurationIsVisible = 0;
			defaultConfigurationName = Release;
		};
/* End XCConfigurationList section */

/* Begin XCVersionGroup section */
		7AF933251D1A6A3A008898F9 /* List.xcdatamodeld */ = {
			isa = XCVersionGroup;
			children = (
				7AF933261D1A6A3A008898F9 /* List.xcdatamodel */,
			);
			currentVersion = 7AF933261D1A6A3A008898F9 /* List.xcdatamodel */;
			path = List.xcdatamodeld;
			sourceTree = "<group>";
			versionGroupType = wrapper.xcdatamodel;
		};
/* End XCVersionGroup section */
	};
	rootObject = 7AF933131D1A6A3A008898F9 /* Project object */;
}
