// !$*UTF8*$!
{
	archiveVersion = 1;
	classes = {
	};
	objectVersion = 46;
	objects = {

/* Begin PBXBuildFile section */
		7A3C03B21D22F46A007D9931 /* AppDelegate.swift in Sources */ = {isa = PBXBuildFile; fileRef = 7A3C03B11D22F46A007D9931 /* AppDelegate.swift */; };
		7A3C03B41D22F46A007D9931 /* ViewController.swift in Sources */ = {isa = PBXBuildFile; fileRef = 7A3C03B31D22F46A007D9931 /* ViewController.swift */; };
		7A3C03B71D22F46A007D9931 /* Main.storyboard in Resources */ = {isa = PBXBuildFile; fileRef = 7A3C03B51D22F46A007D9931 /* Main.storyboard */; };
		7A3C03B91D22F46A007D9931 /* Assets.xcassets in Resources */ = {isa = PBXBuildFile; fileRef = 7A3C03B81D22F46A007D9931 /* Assets.xcassets */; };
		7A3C03BC1D22F46A007D9931 /* LaunchScreen.storyboard in Resources */ = {isa = PBXBuildFile; fileRef = 7A3C03BA1D22F46A007D9931 /* LaunchScreen.storyboard */; };
		7A3C03C71D230AA8007D9931 /* VideoCell.swift in Sources */ = {isa = PBXBuildFile; fileRef = 7A3C03C61D230AA8007D9931 /* VideoCell.swift */; };
		7A3C03CB1D232244007D9931 /* CustomImageView.swift in Sources */ = {isa = PBXBuildFile; fileRef = 7A3C03CA1D232244007D9931 /* CustomImageView.swift */; };
		7A3C03D51D23AC2C007D9931 /* Video.swift in Sources */ = {isa = PBXBuildFile; fileRef = 7A3C03D41D23AC2C007D9931 /* Video.swift */; };
		7A3C03D71D23B781007D9931 /* Channel.swift in Sources */ = {isa = PBXBuildFile; fileRef = 7A3C03D61D23B781007D9931 /* Channel.swift */; };
/* End PBXBuildFile section */

/* Begin PBXFileReference section */
		7A3C03AE1D22F46A007D9931 /* REST-JSON.app */ = {isa = PBXFileReference; explicitFileType = wrapper.application; includeInIndex = 0; path = "REST-JSON.app"; sourceTree = BUILT_PRODUCTS_DIR; };
		7A3C03B11D22F46A007D9931 /* AppDelegate.swift */ = {isa = PBXFileReference; lastKnownFileType = sourcecode.swift; path = AppDelegate.swift; sourceTree = "<group>"; };
		7A3C03B31D22F46A007D9931 /* ViewController.swift */ = {isa = PBXFileReference; lastKnownFileType = sourcecode.swift; path = ViewController.swift; sourceTree = "<group>"; };
		7A3C03B61D22F46A007D9931 /* Base */ = {isa = PBXFileReference; lastKnownFileType = file.storyboard; name = Base; path = Base.lproj/Main.storyboard; sourceTree = "<group>"; };
		7A3C03B81D22F46A007D9931 /* Assets.xcassets */ = {isa = PBXFileReference; lastKnownFileType = folder.assetcatalog; path = Assets.xcassets; sourceTree = "<group>"; };
		7A3C03BB1D22F46A007D9931 /* Base */ = {isa = PBXFileReference; lastKnownFileType = file.storyboard; name = Base; path = Base.lproj/LaunchScreen.storyboard; sourceTree = "<group>"; };
		7A3C03BD1D22F46A007D9931 /* Info.plist */ = {isa = PBXFileReference; lastKnownFileType = text.plist.xml; path = Info.plist; sourceTree = "<group>"; };
		7A3C03C61D230AA8007D9931 /* VideoCell.swift */ = {isa = PBXFileReference; fileEncoding = 4; lastKnownFileType = sourcecode.swift; path = VideoCell.swift; sourceTree = "<group>"; };
		7A3C03CA1D232244007D9931 /* CustomImageView.swift */ = {isa = PBXFileReference; fileEncoding = 4; lastKnownFileType = sourcecode.swift; path = CustomImageView.swift; sourceTree = "<group>"; };
		7A3C03D41D23AC2C007D9931 /* Video.swift */ = {isa = PBXFileReference; fileEncoding = 4; lastKnownFileType = sourcecode.swift; path = Video.swift; sourceTree = "<group>"; };
		7A3C03D61D23B781007D9931 /* Channel.swift */ = {isa = PBXFileReference; fileEncoding = 4; lastKnownFileType = sourcecode.swift; path = Channel.swift; sourceTree = "<group>"; };
/* End PBXFileReference section */

/* Begin PBXFrameworksBuildPhase section */
		7A3C03AB1D22F46A007D9931 /* Frameworks */ = {
			isa = PBXFrameworksBuildPhase;
			buildActionMask = 2147483647;
			files = (
			);
			runOnlyForDeploymentPostprocessing = 0;
		};
/* End PBXFrameworksBuildPhase section */

/* Begin PBXGroup section */
		7A3C03A51D22F46A007D9931 = {
			isa = PBXGroup;
			children = (
				7A3C03B01D22F46A007D9931 /* REST-JSON */,
				7A3C03D81D243372007D9931 /* Helpers */,
				7A3C03AF1D22F46A007D9931 /* Products */,
			);
			sourceTree = "<group>";
		};
		7A3C03AF1D22F46A007D9931 /* Products */ = {
			isa = PBXGroup;
			children = (
				7A3C03AE1D22F46A007D9931 /* REST-JSON.app */,
			);
			name = Products;
			sourceTree = "<group>";
		};
		7A3C03B01D22F46A007D9931 /* REST-JSON */ = {
			isa = PBXGroup;
			children = (
				7A3C03C31D22F483007D9931 /* Model */,
				7A3C03C41D22F48C007D9931 /* View */,
				7A3C03C51D22F49E007D9931 /* Controller */,
			);
			path = "REST-JSON";
			sourceTree = "<group>";
		};
		7A3C03C31D22F483007D9931 /* Model */ = {
			isa = PBXGroup;
			children = (
				7A3C03D41D23AC2C007D9931 /* Video.swift */,
				7A3C03D61D23B781007D9931 /* Channel.swift */,
				7A3C03B81D22F46A007D9931 /* Assets.xcassets */,
				7A3C03BD1D22F46A007D9931 /* Info.plist */,
			);
			name = Model;
			sourceTree = "<group>";
		};
		7A3C03C41D22F48C007D9931 /* View */ = {
			isa = PBXGroup;
			children = (
				7A3C03B51D22F46A007D9931 /* Main.storyboard */,
				7A3C03BA1D22F46A007D9931 /* LaunchScreen.storyboard */,
			);
			name = View;
			sourceTree = "<group>";
		};
		7A3C03C51D22F49E007D9931 /* Controller */ = {
			isa = PBXGroup;
			children = (
				7A3C03B11D22F46A007D9931 /* AppDelegate.swift */,
				7A3C03B31D22F46A007D9931 /* ViewController.swift */,
				7A3C03C61D230AA8007D9931 /* VideoCell.swift */,
			);
			name = Controller;
			sourceTree = "<group>";
		};
		7A3C03D81D243372007D9931 /* Helpers */ = {
			isa = PBXGroup;
			children = (
				7A3C03CA1D232244007D9931 /* CustomImageView.swift */,
			);
			name = Helpers;
			path = "REST-JSON";
			sourceTree = "<group>";
		};
/* End PBXGroup section */

/* Begin PBXNativeTarget section */
		7A3C03AD1D22F46A007D9931 /* REST-JSON */ = {
			isa = PBXNativeTarget;
			buildConfigurationList = 7A3C03C01D22F46A007D9931 /* Build configuration list for PBXNativeTarget "REST-JSON" */;
			buildPhases = (
				7A3C03AA1D22F46A007D9931 /* Sources */,
				7A3C03AB1D22F46A007D9931 /* Frameworks */,
				7A3C03AC1D22F46A007D9931 /* Resources */,
			);
			buildRules = (
			);
			dependencies = (
			);
			name = "REST-JSON";
			productName = "REST-JSON";
			productReference = 7A3C03AE1D22F46A007D9931 /* REST-JSON.app */;
			productType = "com.apple.product-type.application";
		};
/* End PBXNativeTarget section */

/* Begin PBXProject section */
		7A3C03A61D22F46A007D9931 /* Project object */ = {
			isa = PBXProject;
			attributes = {
				LastSwiftUpdateCheck = 0730;
				LastUpgradeCheck = 0730;
				ORGANIZATIONNAME = "Ron Lane";
				TargetAttributes = {
					7A3C03AD1D22F46A007D9931 = {
						CreatedOnToolsVersion = 7.3.1;
						DevelopmentTeam = D3HXC34Q3E;
					};
				};
			};
			buildConfigurationList = 7A3C03A91D22F46A007D9931 /* Build configuration list for PBXProject "REST-JSON" */;
			compatibilityVersion = "Xcode 3.2";
			developmentRegion = English;
			hasScannedForEncodings = 0;
			knownRegions = (
				en,
				Base,
			);
			mainGroup = 7A3C03A51D22F46A007D9931;
			productRefGroup = 7A3C03AF1D22F46A007D9931 /* Products */;
			projectDirPath = "";
			projectRoot = "";
			targets = (
				7A3C03AD1D22F46A007D9931 /* REST-JSON */,
			);
		};
/* End PBXProject section */

/* Begin PBXResourcesBuildPhase section */
		7A3C03AC1D22F46A007D9931 /* Resources */ = {
			isa = PBXResourcesBuildPhase;
			buildActionMask = 2147483647;
			files = (
				7A3C03BC1D22F46A007D9931 /* LaunchScreen.storyboard in Resources */,
				7A3C03B91D22F46A007D9931 /* Assets.xcassets in Resources */,
				7A3C03B71D22F46A007D9931 /* Main.storyboard in Resources */,
			);
			runOnlyForDeploymentPostprocessing = 0;
		};
/* End PBXResourcesBuildPhase section */

/* Begin PBXSourcesBuildPhase section */
		7A3C03AA1D22F46A007D9931 /* Sources */ = {
			isa = PBXSourcesBuildPhase;
			buildActionMask = 2147483647;
			files = (
				7A3C03B41D22F46A007D9931 /* ViewController.swift in Sources */,
				7A3C03D71D23B781007D9931 /* Channel.swift in Sources */,
				7A3C03CB1D232244007D9931 /* CustomImageView.swift in Sources */,
				7A3C03B21D22F46A007D9931 /* AppDelegate.swift in Sources */,
				7A3C03C71D230AA8007D9931 /* VideoCell.swift in Sources */,
				7A3C03D51D23AC2C007D9931 /* Video.swift in Sources */,
			);
			runOnlyForDeploymentPostprocessing = 0;
		};
/* End PBXSourcesBuildPhase section */

/* Begin PBXVariantGroup section */
		7A3C03B51D22F46A007D9931 /* Main.storyboard */ = {
			isa = PBXVariantGroup;
			children = (
				7A3C03B61D22F46A007D9931 /* Base */,
			);
			name = Main.storyboard;
			sourceTree = "<group>";
		};
		7A3C03BA1D22F46A007D9931 /* LaunchScreen.storyboard */ = {
			isa = PBXVariantGroup;
			children = (
				7A3C03BB1D22F46A007D9931 /* Base */,
			);
			name = LaunchScreen.storyboard;
			sourceTree = "<group>";
		};
/* End PBXVariantGroup section */

/* Begin XCBuildConfiguration section */
		7A3C03BE1D22F46A007D9931 /* Debug */ = {
			isa = XCBuildConfiguration;
			buildSettings = {
				ALWAYS_SEARCH_USER_PATHS = NO;
				CLANG_ANALYZER_NONNULL = YES;
				CLANG_CXX_LANGUAGE_STANDARD = "gnu++0x";
				CLANG_CXX_LIBRARY = "libc++";
				CLANG_ENABLE_MODULES = YES;
				CLANG_ENABLE_OBJC_ARC = YES;
				CLANG_WARN_BOOL_CONVERSION = YES;
				CLANG_WARN_CONSTANT_CONVERSION = YES;
				CLANG_WARN_DIRECT_OBJC_ISA_USAGE = YES_ERROR;
				CLANG_WARN_EMPTY_BODY = YES;
				CLANG_WARN_ENUM_CONVERSION = YES;
				CLANG_WARN_INT_CONVERSION = YES;
				CLANG_WARN_OBJC_ROOT_CLASS = YES_ERROR;
				CLANG_WARN_UNREACHABLE_CODE = YES;
				CLANG_WARN__DUPLICATE_METHOD_MATCH = YES;
				"CODE_SIGN_IDENTITY[sdk=iphoneos*]" = "iPhone Developer";
				COPY_PHASE_STRIP = NO;
				DEBUG_INFORMATION_FORMAT = dwarf;
				ENABLE_STRICT_OBJC_MSGSEND = YES;
				ENABLE_TESTABILITY = YES;
				GCC_C_LANGUAGE_STANDARD = gnu99;
				GCC_DYNAMIC_NO_PIC = NO;
				GCC_NO_COMMON_BLOCKS = YES;
				GCC_OPTIMIZATION_LEVEL = 0;
				GCC_PREPROCESSOR_DEFINITIONS = (
					"DEBUG=1",
					"$(inherited)",
				);
				GCC_WARN_64_TO_32_BIT_CONVERSION = YES;
				GCC_WARN_ABOUT_RETURN_TYPE = YES_ERROR;
				GCC_WARN_UNDECLARED_SELECTOR = YES;
				GCC_WARN_UNINITIALIZED_AUTOS = YES_AGGRESSIVE;
				GCC_WARN_UNUSED_FUNCTION = YES;
				GCC_WARN_UNUSED_VARIABLE = YES;
				IPHONEOS_DEPLOYMENT_TARGET = 9.3;
				MTL_ENABLE_DEBUG_INFO = YES;
				ONLY_ACTIVE_ARCH = YES;
				SDKROOT = iphoneos;
				SWIFT_OPTIMIZATION_LEVEL = "-Onone";
			};
			name = Debug;
		};
		7A3C03BF1D22F46A007D9931 /* Release */ = {
			isa = XCBuildConfiguration;
			buildSettings = {
				ALWAYS_SEARCH_USER_PATHS = NO;
				CLANG_ANALYZER_NONNULL = YES;
				CLANG_CXX_LANGUAGE_STANDARD = "gnu++0x";
				CLANG_CXX_LIBRARY = "libc++";
				CLANG_ENABLE_MODULES = YES;
				CLANG_ENABLE_OBJC_ARC = YES;
				CLANG_WARN_BOOL_CONVERSION = YES;
				CLANG_WARN_CONSTANT_CONVERSION = YES;
				CLANG_WARN_DIRECT_OBJC_ISA_USAGE = YES_ERROR;
				CLANG_WARN_EMPTY_BODY = YES;
				CLANG_WARN_ENUM_CONVERSION = YES;
				CLANG_WARN_INT_CONVERSION = YES;
				CLANG_WARN_OBJC_ROOT_CLASS = YES_ERROR;
				CLANG_WARN_UNREACHABLE_CODE = YES;
				CLANG_WARN__DUPLICATE_METHOD_MATCH = YES;
				"CODE_SIGN_IDENTITY[sdk=iphoneos*]" = "iPhone Developer";
				COPY_PHASE_STRIP = NO;
				DEBUG_INFORMATION_FORMAT = "dwarf-with-dsym";
				ENABLE_NS_ASSERTIONS = NO;
				ENABLE_STRICT_OBJC_MSGSEND = YES;
				GCC_C_LANGUAGE_STANDARD = gnu99;
				GCC_NO_COMMON_BLOCKS = YES;
				GCC_WARN_64_TO_32_BIT_CONVERSION = YES;
				GCC_WARN_ABOUT_RETURN_TYPE = YES_ERROR;
				GCC_WARN_UNDECLARED_SELECTOR = YES;
				GCC_WARN_UNINITIALIZED_AUTOS = YES_AGGRESSIVE;
				GCC_WARN_UNUSED_FUNCTION = YES;
				GCC_WARN_UNUSED_VARIABLE = YES;
				IPHONEOS_DEPLOYMENT_TARGET = 9.3;
				MTL_ENABLE_DEBUG_INFO = NO;
				SDKROOT = iphoneos;
				VALIDATE_PRODUCT = YES;
			};
			name = Release;
		};
		7A3C03C11D22F46A007D9931 /* Debug */ = {
			isa = XCBuildConfiguration;
			buildSettings = {
				ASSETCATALOG_COMPILER_APPICON_NAME = AppIcon;
				INFOPLIST_FILE = "REST-JSON/Info.plist";
				LD_RUNPATH_SEARCH_PATHS = "$(inherited) @executable_path/Frameworks";
				PRODUCT_BUNDLE_IDENTIFIER = "com.example.REST-JSON";
				PRODUCT_NAME = "$(TARGET_NAME)";
				TARGETED_DEVICE_FAMILY = "1,2";
			};
			name = Debug;
		};
		7A3C03C21D22F46A007D9931 /* Release */ = {
			isa = XCBuildConfiguration;
			buildSettings = {
				ASSETCATALOG_COMPILER_APPICON_NAME = AppIcon;
				INFOPLIST_FILE = "REST-JSON/Info.plist";
				LD_RUNPATH_SEARCH_PATHS = "$(inherited) @executable_path/Frameworks";
				PRODUCT_BUNDLE_IDENTIFIER = "com.example.REST-JSON";
				PRODUCT_NAME = "$(TARGET_NAME)";
				TARGETED_DEVICE_FAMILY = "1,2";
			};
			name = Release;
		};
/* End XCBuildConfiguration section */

/* Begin XCConfigurationList section */
		7A3C03A91D22F46A007D9931 /* Build configuration list for PBXProject "REST-JSON" */ = {
			isa = XCConfigurationList;
			buildConfigurations = (
				7A3C03BE1D22F46A007D9931 /* Debug */,
				7A3C03BF1D22F46A007D9931 /* Release */,
			);
			defaultConfigurationIsVisible = 0;
			defaultConfigurationName = Release;
		};
		7A3C03C01D22F46A007D9931 /* Build configuration list for PBXNativeTarget "REST-JSON" */ = {
			isa = XCConfigurationList;
			buildConfigurations = (
				7A3C03C11D22F46A007D9931 /* Debug */,
				7A3C03C21D22F46A007D9931 /* Release */,
			);
			defaultConfigurationIsVisible = 0;
			defaultConfigurationName = Release;
		};
/* End XCConfigurationList section */
	};
	rootObject = 7A3C03A61D22F46A007D9931 /* Project object */;
}
