// !$*UTF8*$!
{
	archiveVersion = 1;
	classes = {
	};
	objectVersion = 46;
	objects = {

/* Begin PBXBuildFile section */
		7AA4DE611CFD4A0F00A0C2F6 /* AppDelegate.swift in Sources */ = {isa = PBXBuildFile; fileRef = 7AA4DE601CFD4A0F00A0C2F6 /* AppDelegate.swift */; };
		7AA4DE631CFD4A0F00A0C2F6 /* ViewController.swift in Sources */ = {isa = PBXBuildFile; fileRef = 7AA4DE621CFD4A0F00A0C2F6 /* ViewController.swift */; };
		7AA4DE661CFD4A0F00A0C2F6 /* Main.storyboard in Resources */ = {isa = PBXBuildFile; fileRef = 7AA4DE641CFD4A0F00A0C2F6 /* Main.storyboard */; };
		7AA4DE681CFD4A0F00A0C2F6 /* Assets.xcassets in Resources */ = {isa = PBXBuildFile; fileRef = 7AA4DE671CFD4A0F00A0C2F6 /* Assets.xcassets */; };
		7AA4DE6B1CFD4A0F00A0C2F6 /* LaunchScreen.storyboard in Resources */ = {isa = PBXBuildFile; fileRef = 7AA4DE691CFD4A0F00A0C2F6 /* LaunchScreen.storyboard */; };
		7AA4DE731CFD4A5A00A0C2F6 /* DrawExample.swift in Sources */ = {isa = PBXBuildFile; fileRef = 7AA4DE721CFD4A5900A0C2F6 /* DrawExample.swift */; };
/* End PBXBuildFile section */

/* Begin PBXFileReference section */
		7AA4DE5D1CFD4A0F00A0C2F6 /* Draw.app */ = {isa = PBXFileReference; explicitFileType = wrapper.application; includeInIndex = 0; path = Draw.app; sourceTree = BUILT_PRODUCTS_DIR; };
		7AA4DE601CFD4A0F00A0C2F6 /* AppDelegate.swift */ = {isa = PBXFileReference; lastKnownFileType = sourcecode.swift; path = AppDelegate.swift; sourceTree = "<group>"; };
		7AA4DE621CFD4A0F00A0C2F6 /* ViewController.swift */ = {isa = PBXFileReference; lastKnownFileType = sourcecode.swift; path = ViewController.swift; sourceTree = "<group>"; };
		7AA4DE651CFD4A0F00A0C2F6 /* Base */ = {isa = PBXFileReference; lastKnownFileType = file.storyboard; name = Base; path = Base.lproj/Main.storyboard; sourceTree = "<group>"; };
		7AA4DE671CFD4A0F00A0C2F6 /* Assets.xcassets */ = {isa = PBXFileReference; lastKnownFileType = folder.assetcatalog; path = Assets.xcassets; sourceTree = "<group>"; };
		7AA4DE6A1CFD4A0F00A0C2F6 /* Base */ = {isa = PBXFileReference; lastKnownFileType = file.storyboard; name = Base; path = Base.lproj/LaunchScreen.storyboard; sourceTree = "<group>"; };
		7AA4DE6C1CFD4A0F00A0C2F6 /* Info.plist */ = {isa = PBXFileReference; lastKnownFileType = text.plist.xml; path = Info.plist; sourceTree = "<group>"; };
		7AA4DE721CFD4A5900A0C2F6 /* DrawExample.swift */ = {isa = PBXFileReference; fileEncoding = 4; lastKnownFileType = sourcecode.swift; path = DrawExample.swift; sourceTree = "<group>"; };
/* End PBXFileReference section */

/* Begin PBXFrameworksBuildPhase section */
		7AA4DE5A1CFD4A0F00A0C2F6 /* Frameworks */ = {
			isa = PBXFrameworksBuildPhase;
			buildActionMask = 2147483647;
			files = (
			);
			runOnlyForDeploymentPostprocessing = 0;
		};
/* End PBXFrameworksBuildPhase section */

/* Begin PBXGroup section */
		7AA4DE541CFD4A0F00A0C2F6 = {
			isa = PBXGroup;
			children = (
				7AA4DE5F1CFD4A0F00A0C2F6 /* Draw */,
				7AA4DE5E1CFD4A0F00A0C2F6 /* Products */,
			);
			sourceTree = "<group>";
		};
		7AA4DE5E1CFD4A0F00A0C2F6 /* Products */ = {
			isa = PBXGroup;
			children = (
				7AA4DE5D1CFD4A0F00A0C2F6 /* Draw.app */,
			);
			name = Products;
			sourceTree = "<group>";
		};
		7AA4DE5F1CFD4A0F00A0C2F6 /* Draw */ = {
			isa = PBXGroup;
			children = (
				7AA4DE601CFD4A0F00A0C2F6 /* AppDelegate.swift */,
				7AA4DE621CFD4A0F00A0C2F6 /* ViewController.swift */,
				7AA4DE721CFD4A5900A0C2F6 /* DrawExample.swift */,
				7AA4DE641CFD4A0F00A0C2F6 /* Main.storyboard */,
				7AA4DE671CFD4A0F00A0C2F6 /* Assets.xcassets */,
				7AA4DE691CFD4A0F00A0C2F6 /* LaunchScreen.storyboard */,
				7AA4DE6C1CFD4A0F00A0C2F6 /* Info.plist */,
			);
			path = Draw;
			sourceTree = "<group>";
		};
/* End PBXGroup section */

/* Begin PBXNativeTarget section */
		7AA4DE5C1CFD4A0F00A0C2F6 /* Draw */ = {
			isa = PBXNativeTarget;
			buildConfigurationList = 7AA4DE6F1CFD4A0F00A0C2F6 /* Build configuration list for PBXNativeTarget "Draw" */;
			buildPhases = (
				7AA4DE591CFD4A0F00A0C2F6 /* Sources */,
				7AA4DE5A1CFD4A0F00A0C2F6 /* Frameworks */,
				7AA4DE5B1CFD4A0F00A0C2F6 /* Resources */,
			);
			buildRules = (
			);
			dependencies = (
			);
			name = Draw;
			productName = Draw;
			productReference = 7AA4DE5D1CFD4A0F00A0C2F6 /* Draw.app */;
			productType = "com.apple.product-type.application";
		};
/* End PBXNativeTarget section */

/* Begin PBXProject section */
		7AA4DE551CFD4A0F00A0C2F6 /* Project object */ = {
			isa = PBXProject;
			attributes = {
				LastSwiftUpdateCheck = 0730;
				LastUpgradeCheck = 0730;
				ORGANIZATIONNAME = "Ron Lane";
				TargetAttributes = {
					7AA4DE5C1CFD4A0F00A0C2F6 = {
						CreatedOnToolsVersion = 7.3.1;
					};
				};
			};
			buildConfigurationList = 7AA4DE581CFD4A0F00A0C2F6 /* Build configuration list for PBXProject "Draw" */;
			compatibilityVersion = "Xcode 3.2";
			developmentRegion = English;
			hasScannedForEncodings = 0;
			knownRegions = (
				en,
				Base,
			);
			mainGroup = 7AA4DE541CFD4A0F00A0C2F6;
			productRefGroup = 7AA4DE5E1CFD4A0F00A0C2F6 /* Products */;
			projectDirPath = "";
			projectRoot = "";
			targets = (
				7AA4DE5C1CFD4A0F00A0C2F6 /* Draw */,
			);
		};
/* End PBXProject section */

/* Begin PBXResourcesBuildPhase section */
		7AA4DE5B1CFD4A0F00A0C2F6 /* Resources */ = {
			isa = PBXResourcesBuildPhase;
			buildActionMask = 2147483647;
			files = (
				7AA4DE6B1CFD4A0F00A0C2F6 /* LaunchScreen.storyboard in Resources */,
				7AA4DE681CFD4A0F00A0C2F6 /* Assets.xcassets in Resources */,
				7AA4DE661CFD4A0F00A0C2F6 /* Main.storyboard in Resources */,
			);
			runOnlyForDeploymentPostprocessing = 0;
		};
/* End PBXResourcesBuildPhase section */

/* Begin PBXSourcesBuildPhase section */
		7AA4DE591CFD4A0F00A0C2F6 /* Sources */ = {
			isa = PBXSourcesBuildPhase;
			buildActionMask = 2147483647;
			files = (
				7AA4DE631CFD4A0F00A0C2F6 /* ViewController.swift in Sources */,
				7AA4DE611CFD4A0F00A0C2F6 /* AppDelegate.swift in Sources */,
				7AA4DE731CFD4A5A00A0C2F6 /* DrawExample.swift in Sources */,
			);
			runOnlyForDeploymentPostprocessing = 0;
		};
/* End PBXSourcesBuildPhase section */

/* Begin PBXVariantGroup section */
		7AA4DE641CFD4A0F00A0C2F6 /* Main.storyboard */ = {
			isa = PBXVariantGroup;
			children = (
				7AA4DE651CFD4A0F00A0C2F6 /* Base */,
			);
			name = Main.storyboard;
			sourceTree = "<group>";
		};
		7AA4DE691CFD4A0F00A0C2F6 /* LaunchScreen.storyboard */ = {
			isa = PBXVariantGroup;
			children = (
				7AA4DE6A1CFD4A0F00A0C2F6 /* Base */,
			);
			name = LaunchScreen.storyboard;
			sourceTree = "<group>";
		};
/* End PBXVariantGroup section */

/* Begin XCBuildConfiguration section */
		7AA4DE6D1CFD4A0F00A0C2F6 /* Debug */ = {
			isa = XCBuildConfiguration;
			buildSettings = {
				ALWAYS_SEARCH_USER_PATHS = NO;
				CLANG_ANALYZER_NONNULL = YES;
				CLANG_CXX_LANGUAGE_STANDARD = "gnu++0x";
				CLANG_CXX_LIBRARY = "libc++";
				CLANG_ENABLE_MODULES = YES;
				CLANG_ENABLE_OBJC_ARC = YES;
				CLANG_WARN_BOOL_CONVERSION = YES;
				CLANG_WARN_CONSTANT_CONVERSION = YES;
				CLANG_WARN_DIRECT_OBJC_ISA_USAGE = YES_ERROR;
				CLANG_WARN_EMPTY_BODY = YES;
				CLANG_WARN_ENUM_CONVERSION = YES;
				CLANG_WARN_INT_CONVERSION = YES;
				CLANG_WARN_OBJC_ROOT_CLASS = YES_ERROR;
				CLANG_WARN_UNREACHABLE_CODE = YES;
				CLANG_WARN__DUPLICATE_METHOD_MATCH = YES;
				"CODE_SIGN_IDENTITY[sdk=iphoneos*]" = "iPhone Developer";
				COPY_PHASE_STRIP = NO;
				DEBUG_INFORMATION_FORMAT = dwarf;
				ENABLE_STRICT_OBJC_MSGSEND = YES;
				ENABLE_TESTABILITY = YES;
				GCC_C_LANGUAGE_STANDARD = gnu99;
				GCC_DYNAMIC_NO_PIC = NO;
				GCC_NO_COMMON_BLOCKS = YES;
				GCC_OPTIMIZATION_LEVEL = 0;
				GCC_PREPROCESSOR_DEFINITIONS = (
					"DEBUG=1",
					"$(inherited)",
				);
				GCC_WARN_64_TO_32_BIT_CONVERSION = YES;
				GCC_WARN_ABOUT_RETURN_TYPE = YES_ERROR;
				GCC_WARN_UNDECLARED_SELECTOR = YES;
				GCC_WARN_UNINITIALIZED_AUTOS = YES_AGGRESSIVE;
				GCC_WARN_UNUSED_FUNCTION = YES;
				GCC_WARN_UNUSED_VARIABLE = YES;
				IPHONEOS_DEPLOYMENT_TARGET = 9.3;
				MTL_ENABLE_DEBUG_INFO = YES;
				ONLY_ACTIVE_ARCH = YES;
				SDKROOT = iphoneos;
				SWIFT_OPTIMIZATION_LEVEL = "-Onone";
				TARGETED_DEVICE_FAMILY = "1,2";
			};
			name = Debug;
		};
		7AA4DE6E1CFD4A0F00A0C2F6 /* Release */ = {
			isa = XCBuildConfiguration;
			buildSettings = {
				ALWAYS_SEARCH_USER_PATHS = NO;
				CLANG_ANALYZER_NONNULL = YES;
				CLANG_CXX_LANGUAGE_STANDARD = "gnu++0x";
				CLANG_CXX_LIBRARY = "libc++";
				CLANG_ENABLE_MODULES = YES;
				CLANG_ENABLE_OBJC_ARC = YES;
				CLANG_WARN_BOOL_CONVERSION = YES;
				CLANG_WARN_CONSTANT_CONVERSION = YES;
				CLANG_WARN_DIRECT_OBJC_ISA_USAGE = YES_ERROR;
				CLANG_WARN_EMPTY_BODY = YES;
				CLANG_WARN_ENUM_CONVERSION = YES;
				CLANG_WARN_INT_CONVERSION = YES;
				CLANG_WARN_OBJC_ROOT_CLASS = YES_ERROR;
				CLANG_WARN_UNREACHABLE_CODE = YES;
				CLANG_WARN__DUPLICATE_METHOD_MATCH = YES;
				"CODE_SIGN_IDENTITY[sdk=iphoneos*]" = "iPhone Developer";
				COPY_PHASE_STRIP = NO;
				DEBUG_INFORMATION_FORMAT = "dwarf-with-dsym";
				ENABLE_NS_ASSERTIONS = NO;
				ENABLE_STRICT_OBJC_MSGSEND = YES;
				GCC_C_LANGUAGE_STANDARD = gnu99;
				GCC_NO_COMMON_BLOCKS = YES;
				GCC_WARN_64_TO_32_BIT_CONVERSION = YES;
				GCC_WARN_ABOUT_RETURN_TYPE = YES_ERROR;
				GCC_WARN_UNDECLARED_SELECTOR = YES;
				GCC_WARN_UNINITIALIZED_AUTOS = YES_AGGRESSIVE;
				GCC_WARN_UNUSED_FUNCTION = YES;
				GCC_WARN_UNUSED_VARIABLE = YES;
				IPHONEOS_DEPLOYMENT_TARGET = 9.3;
				MTL_ENABLE_DEBUG_INFO = NO;
				SDKROOT = iphoneos;
				TARGETED_DEVICE_FAMILY = "1,2";
				VALIDATE_PRODUCT = YES;
			};
			name = Release;
		};
		7AA4DE701CFD4A0F00A0C2F6 /* Debug */ = {
			isa = XCBuildConfiguration;
			buildSettings = {
				ASSETCATALOG_COMPILER_APPICON_NAME = AppIcon;
				INFOPLIST_FILE = Draw/Info.plist;
				LD_RUNPATH_SEARCH_PATHS = "$(inherited) @executable_path/Frameworks";
				PRODUCT_BUNDLE_IDENTIFIER = com.example.Draw;
				PRODUCT_NAME = "$(TARGET_NAME)";
			};
			name = Debug;
		};
		7AA4DE711CFD4A0F00A0C2F6 /* Release */ = {
			isa = XCBuildConfiguration;
			buildSettings = {
				ASSETCATALOG_COMPILER_APPICON_NAME = AppIcon;
				INFOPLIST_FILE = Draw/Info.plist;
				LD_RUNPATH_SEARCH_PATHS = "$(inherited) @executable_path/Frameworks";
				PRODUCT_BUNDLE_IDENTIFIER = com.example.Draw;
				PRODUCT_NAME = "$(TARGET_NAME)";
			};
			name = Release;
		};
/* End XCBuildConfiguration section */

/* Begin XCConfigurationList section */
		7AA4DE581CFD4A0F00A0C2F6 /* Build configuration list for PBXProject "Draw" */ = {
			isa = XCConfigurationList;
			buildConfigurations = (
				7AA4DE6D1CFD4A0F00A0C2F6 /* Debug */,
				7AA4DE6E1CFD4A0F00A0C2F6 /* Release */,
			);
			defaultConfigurationIsVisible = 0;
			defaultConfigurationName = Release;
		};
		7AA4DE6F1CFD4A0F00A0C2F6 /* Build configuration list for PBXNativeTarget "Draw" */ = {
			isa = XCConfigurationList;
			buildConfigurations = (
				7AA4DE701CFD4A0F00A0C2F6 /* Debug */,
				7AA4DE711CFD4A0F00A0C2F6 /* Release */,
			);
			defaultConfigurationIsVisible = 0;
		};
/* End XCConfigurationList section */
	};
	rootObject = 7AA4DE551CFD4A0F00A0C2F6 /* Project object */;
}
